
Microsoft Visual Studio Solution File, Format Version 12.00
# Visual Studio Version 17
VisualStudioVersion = 17.0.32112.339
MinimumVisualStudioVersion = 10.0.40219.1
Project("{FAE04EC0-301F-11D3-BF4B-00C04F79EFBC}") = "Juego", "Juego\Juego.csproj", "{5056E9D2-43F7-47D1-A837-BE44C87217F4}"
EndProject
Project("{FAE04EC0-301F-11D3-BF4B-00C04F79EFBC}") = "Test", "Test\Test.csproj", "{837FDB1C-FE60-4822-8842-358911E13C20}"
EndProject
Global
	GlobalSection(SolutionConfigurationPlatforms) = preSolution
		Debug|Any CPU = Debug|Any CPU
		Release|Any CPU = Release|Any CPU
	EndGlobalSection
	GlobalSection(ProjectConfigurationPlatforms) = postSolution
		{5056E9D2-43F7-47D1-A837-BE44C87217F4}.Debug|Any CPU.ActiveCfg = Debug|Any CPU
		{5056E9D2-43F7-47D1-A837-BE44C87217F4}.Debug|Any CPU.Build.0 = Debug|Any CPU
		{5056E9D2-43F7-47D1-A837-BE44C87217F4}.Release|Any CPU.ActiveCfg = Release|Any CPU
		{5056E9D2-43F7-47D1-A837-BE44C87217F4}.Release|Any CPU.Build.0 = Release|Any CPU
		{837FDB1C-FE60-4822-8842-358911E13C20}.Debug|Any CPU.ActiveCfg = Debug|Any CPU
		{837FDB1C-FE60-4822-8842-358911E13C20}.Debug|Any CPU.Build.0 = Debug|Any CPU
		{837FDB1C-FE60-4822-8842-358911E13C20}.Release|Any CPU.ActiveCfg = Release|Any CPU
		{837FDB1C-FE60-4822-8842-358911E13C20}.Release|Any CPU.Build.0 = Release|Any CPU
	EndGlobalSection
	GlobalSection(SolutionProperties) = preSolution
		HideSolutionNode = FALSE
	EndGlobalSection
	GlobalSection(ExtensibilityGlobals) = postSolution
		SolutionGuid = {748B4ADC-3C3C-47BA-86F1-B5D27CABB288}
	EndGlobalSection
EndGlobal
